
Microsoft Visual Studio Solution File, Format Version 12.00
# Visual Studio Version 17
VisualStudioVersion = 17.13.35931.197 d17.13
MinimumVisualStudioVersion = 10.0.40219.1
Project("{FAE04EC0-301F-11D3-BF4B-00C04F79EFBC}") = "EventApi", "EventApi\EventApi.csproj", "{7EA69141-5251-490F-A710-AB80833D4FD3}"
EndProject
Global
	GlobalSection(SolutionConfigurationPlatforms) = preSolution
		Debug|Any CPU = Debug|Any CPU
		Release|Any CPU = Release|Any CPU
	EndGlobalSection
	GlobalSection(ProjectConfigurationPlatforms) = postSolution
		{7EA69141-5251-490F-A710-AB80833D4FD3}.Debug|Any CPU.ActiveCfg = Debug|Any CPU
		{7EA69141-5251-490F-A710-AB80833D4FD3}.Debug|Any CPU.Build.0 = Debug|Any CPU
		{7EA69141-5251-490F-A710-AB80833D4FD3}.Release|Any CPU.ActiveCfg = Release|Any CPU
		{7EA69141-5251-490F-A710-AB80833D4FD3}.Release|Any CPU.Build.0 = Release|Any CPU
	EndGlobalSection
	GlobalSection(SolutionProperties) = preSolution
		HideSolutionNode = FALSE
	EndGlobalSection
	GlobalSection(ExtensibilityGlobals) = postSolution
		SolutionGuid = {C7702E41-C15E-40E5-A8FF-E7C2CB17F260}
	EndGlobalSection
EndGlobal
